
Microsoft Visual Studio Solution File, Format Version 12.00
# Visual Studio Version 17
VisualStudioVersion = 17.9.34622.214
MinimumVisualStudioVersion = 10.0.40219.1
Project("{9A19103F-16F7-4668-BE54-9A1E7A4F7556}") = "CardGame.BL.Models", "CardGame.BL.Models\CardGame.BL.Models.csproj", "{F658DB7A-2E0B-4A36-BA4E-CB397350C6F6}"
EndProject
Project("{9A19103F-16F7-4668-BE54-9A1E7A4F7556}") = "CardGame.BL", "CardGame.BL\CardGame.BL.csproj", "{696CF197-D945-4572-BACC-D2A1727E3D17}"
EndProject
Project("{9A19103F-16F7-4668-BE54-9A1E7A4F7556}") = "UnitTests", "Playground\UnitTests.csproj", "{66DEDA4D-99DB-4838-A1C6-08259445FE8C}"
EndProject
Project("{9A19103F-16F7-4668-BE54-9A1E7A4F7556}") = "CardGameConsole.UI", "CardGameConsole.UI\CardGameConsole.UI.csproj", "{5111AD83-79B6-427C-983A-57933FC08167}"
EndProject
Global
	GlobalSection(SolutionConfigurationPlatforms) = preSolution
		Debug|Any CPU = Debug|Any CPU
		Release|Any CPU = Release|Any CPU
	EndGlobalSection
	GlobalSection(ProjectConfigurationPlatforms) = postSolution
		{F658DB7A-2E0B-4A36-BA4E-CB397350C6F6}.Debug|Any CPU.ActiveCfg = Debug|Any CPU
		{F658DB7A-2E0B-4A36-BA4E-CB397350C6F6}.Debug|Any CPU.Build.0 = Debug|Any CPU
		{F658DB7A-2E0B-4A36-BA4E-CB397350C6F6}.Release|Any CPU.ActiveCfg = Release|Any CPU
		{F658DB7A-2E0B-4A36-BA4E-CB397350C6F6}.Release|Any CPU.Build.0 = Release|Any CPU
		{696CF197-D945-4572-BACC-D2A1727E3D17}.Debug|Any CPU.ActiveCfg = Debug|Any CPU
		{696CF197-D945-4572-BACC-D2A1727E3D17}.Debug|Any CPU.Build.0 = Debug|Any CPU
		{696CF197-D945-4572-BACC-D2A1727E3D17}.Release|Any CPU.ActiveCfg = Release|Any CPU
		{696CF197-D945-4572-BACC-D2A1727E3D17}.Release|Any CPU.Build.0 = Release|Any CPU
		{66DEDA4D-99DB-4838-A1C6-08259445FE8C}.Debug|Any CPU.ActiveCfg = Debug|Any CPU
		{66DEDA4D-99DB-4838-A1C6-08259445FE8C}.Debug|Any CPU.Build.0 = Debug|Any CPU
		{66DEDA4D-99DB-4838-A1C6-08259445FE8C}.Release|Any CPU.ActiveCfg = Release|Any CPU
		{66DEDA4D-99DB-4838-A1C6-08259445FE8C}.Release|Any CPU.Build.0 = Release|Any CPU
		{5111AD83-79B6-427C-983A-57933FC08167}.Debug|Any CPU.ActiveCfg = Debug|Any CPU
		{5111AD83-79B6-427C-983A-57933FC08167}.Debug|Any CPU.Build.0 = Debug|Any CPU
		{5111AD83-79B6-427C-983A-57933FC08167}.Release|Any CPU.ActiveCfg = Release|Any CPU
		{5111AD83-79B6-427C-983A-57933FC08167}.Release|Any CPU.Build.0 = Release|Any CPU
	EndGlobalSection
	GlobalSection(SolutionProperties) = preSolution
		HideSolutionNode = FALSE
	EndGlobalSection
	GlobalSection(ExtensibilityGlobals) = postSolution
		SolutionGuid = {3FB99BE5-BD38-44DD-AA6C-C6ECFA9DF15F}
	EndGlobalSection
EndGlobal
